// !$*UTF8*$!
{
	archiveVersion = 1;
	classes = {
	};
	objectVersion = 56;
	objects = {

/* Begin PBXBuildFile section */
		A00300000000000000000001 /* asanokirokuApp.swift in Sources */ = {isa = PBXBuildFile; fileRef = A00200000000000000000001 /* asanokirokuApp.swift */; };
		A00300000000000000000002 /* ContentView.swift in Sources */ = {isa = PBXBuildFile; fileRef = A00200000000000000000002 /* ContentView.swift */; };
		A00300000000000000000003 /* Persistence.swift in Sources */ = {isa = PBXBuildFile; fileRef = A00200000000000000000003 /* Persistence.swift */; };
		A00300000000000000000004 /* asanokiroku.xcdatamodeld in Sources */ = {isa = PBXBuildFile; fileRef = A00200000000000000000004 /* asanokiroku.xcdatamodeld */; };
		A00300000000000000000005 /* Assets.xcassets in Resources */ = {isa = PBXBuildFile; fileRef = A00200000000000000000005 /* Assets.xcassets */; };
		A00300000000000000000006 /* Preview Assets.xcassets in Resources */ = {isa = PBXBuildFile; fileRef = A00200000000000000000006 /* Preview Assets.xcassets */; };
		A00300000000000000000007 /* asanokirokuTests.swift in Sources */ = {isa = PBXBuildFile; fileRef = A00200000000000000000009 /* asanokirokuTests.swift */; };
		A00300000000000000000008 /* asanokirokuUITests.swift in Sources */ = {isa = PBXBuildFile; fileRef = A0020000000000000000000A /* asanokirokuUITests.swift */; };
		A00300000000000000000009 /* asanokirokuUITestsLaunchTests.swift in Sources */ = {isa = PBXBuildFile; fileRef = A0020000000000000000000B /* asanokirokuUITestsLaunchTests.swift */; };
/* End PBXBuildFile section */

/* Begin PBXContainerItemProxy section */
		A00800000000000000000001 /* PBXContainerItemProxy */ = {
			isa = PBXContainerItemProxy;
			containerPortal = A00000000000000000000001 /* Project object */;
			proxyType = 1;
			remoteGlobalIDString = A00500000000000000000001;
			remoteInfo = asanokiroku;
		};
		A00800000000000000000003 /* PBXContainerItemProxy */ = {
			isa = PBXContainerItemProxy;
			containerPortal = A00000000000000000000001 /* Project object */;
			proxyType = 1;
			remoteGlobalIDString = A00500000000000000000001;
			remoteInfo = asanokiroku;
		};
/* End PBXContainerItemProxy section */

/* Begin PBXFileReference section */
		A00200000000000000000001 /* asanokirokuApp.swift */ = {isa = PBXFileReference; lastKnownFileType = sourcecode.swift; path = asanokirokuApp.swift; sourceTree = "<group>"; };
		A00200000000000000000002 /* ContentView.swift */ = {isa = PBXFileReference; lastKnownFileType = sourcecode.swift; path = ContentView.swift; sourceTree = "<group>"; };
		A00200000000000000000003 /* Persistence.swift */ = {isa = PBXFileReference; lastKnownFileType = sourcecode.swift; path = Persistence.swift; sourceTree = "<group>"; };
		A00200000000000000000005 /* Assets.xcassets */ = {isa = PBXFileReference; lastKnownFileType = folder.assetcatalog; path = Assets.xcassets; sourceTree = "<group>"; };
		A00200000000000000000006 /* Preview Assets.xcassets */ = {isa = PBXFileReference; lastKnownFileType = folder.assetcatalog; path = "Preview Assets.xcassets"; sourceTree = "<group>"; };
		A00200000000000000000007 /* Info.plist */ = {isa = PBXFileReference; lastKnownFileType = text.plist.xml; path = Info.plist; sourceTree = "<group>"; };
		A00200000000000000000008 /* asanokiroku.entitlements */ = {isa = PBXFileReference; lastKnownFileType = text.plist.entitlements; path = asanokiroku.entitlements; sourceTree = "<group>"; };
		A00200000000000000000009 /* asanokirokuTests.swift */ = {isa = PBXFileReference; lastKnownFileType = sourcecode.swift; path = asanokirokuTests.swift; sourceTree = "<group>"; };
		A0020000000000000000000A /* asanokirokuUITests.swift */ = {isa = PBXFileReference; lastKnownFileType = sourcecode.swift; path = asanokirokuUITests.swift; sourceTree = "<group>"; };
		A0020000000000000000000B /* asanokirokuUITestsLaunchTests.swift */ = {isa = PBXFileReference; lastKnownFileType = sourcecode.swift; path = asanokirokuUITestsLaunchTests.swift; sourceTree = "<group>"; };
		A0020000000000000000000C /* asanokiroku.app */ = {isa = PBXFileReference; explicitFileType = wrapper.application; includeInIndex = 0; path = asanokiroku.app; sourceTree = BUILT_PRODUCTS_DIR; };
		A0020000000000000000000D /* asanokirokuTests.xctest */ = {isa = PBXFileReference; explicitFileType = wrapper.cfbundle; includeInIndex = 0; path = asanokirokuTests.xctest; sourceTree = BUILT_PRODUCTS_DIR; };
		A0020000000000000000000E /* asanokirokuUITests.xctest */ = {isa = PBXFileReference; explicitFileType = wrapper.cfbundle; includeInIndex = 0; path = asanokirokuUITests.xctest; sourceTree = BUILT_PRODUCTS_DIR; };
		A0020000000000000000000F /* asanokiroku.xcdatamodel */ = {isa = PBXFileReference; lastKnownFileType = wrapper.xcdatamodel; path = asanokiroku.xcdatamodel; sourceTree = "<group>"; };
/* End PBXFileReference section */

/* Begin PBXFrameworksBuildPhase section */
		A00400000000000000000002 /* Frameworks */ = {
			isa = PBXFrameworksBuildPhase;
			buildActionMask = 2147483647;
			files = (
			);
			runOnlyForDeploymentPostprocessing = 0;
		};
		A00400000000000000000005 /* Frameworks */ = {
			isa = PBXFrameworksBuildPhase;
			buildActionMask = 2147483647;
			files = (
			);
			runOnlyForDeploymentPostprocessing = 0;
		};
		A00400000000000000000008 /* Frameworks */ = {
			isa = PBXFrameworksBuildPhase;
			buildActionMask = 2147483647;
			files = (
			);
			runOnlyForDeploymentPostprocessing = 0;
		};
/* End PBXFrameworksBuildPhase section */

/* Begin PBXGroup section */
		A00100000000000000000001 /* Main */ = {
			isa = PBXGroup;
			children = (
				A00100000000000000000002 /* asanokiroku */,
				A00100000000000000000003 /* asanokirokuTests */,
				A00100000000000000000004 /* asanokirokuUITests */,
				A00100000000000000000005 /* Products */,
			);
			sourceTree = "<group>";
		};
		A00100000000000000000002 /* asanokiroku */ = {
			isa = PBXGroup;
			children = (
				A00200000000000000000001 /* asanokirokuApp.swift */,
				A00200000000000000000002 /* ContentView.swift */,
				A00200000000000000000003 /* Persistence.swift */,
				A00200000000000000000004 /* asanokiroku.xcdatamodeld */,
				A00200000000000000000005 /* Assets.xcassets */,
				A00100000000000000000006 /* Preview Content */,
				A00200000000000000000007 /* Info.plist */,
				A00200000000000000000008 /* asanokiroku.entitlements */,
			);
			path = asanokiroku;
			sourceTree = "<group>";
		};
		A00100000000000000000003 /* asanokirokuTests */ = {
			isa = PBXGroup;
			children = (
				A00200000000000000000009 /* asanokirokuTests.swift */,
			);
			path = asanokirokuTests;
			sourceTree = "<group>";
		};
		A00100000000000000000004 /* asanokirokuUITests */ = {
			isa = PBXGroup;
			children = (
				A0020000000000000000000A /* asanokirokuUITests.swift */,
				A0020000000000000000000B /* asanokirokuUITestsLaunchTests.swift */,
			);
			path = asanokirokuUITests;
			sourceTree = "<group>";
		};
		A00100000000000000000005 /* Products */ = {
			isa = PBXGroup;
			children = (
				A0020000000000000000000C /* asanokiroku.app */,
				A0020000000000000000000D /* asanokirokuTests.xctest */,
				A0020000000000000000000E /* asanokirokuUITests.xctest */,
			);
			name = Products;
			sourceTree = "<group>";
		};
		A00100000000000000000006 /* Preview Content */ = {
			isa = PBXGroup;
			children = (
				A00200000000000000000006 /* Preview Assets.xcassets */,
			);
			path = "Preview Content";
			sourceTree = "<group>";
		};
/* End PBXGroup section */

/* Begin PBXNativeTarget section */
		A00500000000000000000001 /* asanokiroku */ = {
			isa = PBXNativeTarget;
			buildConfigurationList = A00700000000000000000002 /* Build configuration list for PBXNativeTarget "asanokiroku" */;
			buildPhases = (
				A00400000000000000000001 /* Sources */,
				A00400000000000000000002 /* Frameworks */,
				A00400000000000000000003 /* Resources */,
			);
			buildRules = (
			);
			dependencies = (
			);
			name = asanokiroku;
			productName = asanokiroku;
			productReference = A0020000000000000000000C /* asanokiroku.app */;
			productType = "com.apple.product-type.application";
		};
		A00500000000000000000002 /* asanokirokuTests */ = {
			isa = PBXNativeTarget;
			buildConfigurationList = A00700000000000000000003 /* Build configuration list for PBXNativeTarget "asanokirokuTests" */;
			buildPhases = (
				A00400000000000000000004 /* Sources */,
				A00400000000000000000005 /* Frameworks */,
				A00400000000000000000006 /* Resources */,
			);
			buildRules = (
			);
			dependencies = (
				A00800000000000000000002 /* PBXTargetDependency */,
			);
			name = asanokirokuTests;
			productName = asanokirokuTests;
			productReference = A0020000000000000000000D /* asanokirokuTests.xctest */;
			productType = "com.apple.product-type.bundle.unit-test";
		};
		A00500000000000000000003 /* asanokirokuUITests */ = {
			isa = PBXNativeTarget;
			buildConfigurationList = A00700000000000000000004 /* Build configuration list for PBXNativeTarget "asanokirokuUITests" */;
			buildPhases = (
				A00400000000000000000007 /* Sources */,
				A00400000000000000000008 /* Frameworks */,
				A00400000000000000000009 /* Resources */,
			);
			buildRules = (
			);
			dependencies = (
				A00800000000000000000004 /* PBXTargetDependency */,
			);
			name = asanokirokuUITests;
			productName = asanokirokuUITests;
			productReference = A0020000000000000000000E /* asanokirokuUITests.xctest */;
			productType = "com.apple.product-type.bundle.ui-testing";
		};
/* End PBXNativeTarget section */

/* Begin PBXProject section */
		A00000000000000000000001 /* Project object */ = {
			isa = PBXProject;
			attributes = {
				BuildIndependentTargetsInParallel = 1;
				LastSwiftUpdateCheck = 1500;
				LastUpgradeCheck = 1500;
				TargetAttributes = {
					A00500000000000000000001 = {
						CreatedOnToolsVersion = 15.0;
					};
					A00500000000000000000002 = {
						CreatedOnToolsVersion = 15.0;
						TestTargetID = A00500000000000000000001;
					};
					A00500000000000000000003 = {
						CreatedOnToolsVersion = 15.0;
						TestTargetID = A00500000000000000000001;
					};
				};
			};
			buildConfigurationList = A00700000000000000000001 /* Build configuration list for PBXProject "asanokiroku" */;
			compatibilityVersion = "Xcode 14.0";
			developmentRegion = en;
			hasScannedForEncodings = 0;
			knownRegions = (
				en,
				Base,
				ja,
			);
			mainGroup = A00100000000000000000001;
			productRefGroup = A00100000000000000000005 /* Products */;
			projectDirPath = "";
			projectRoot = "";
			targets = (
				A00500000000000000000001 /* asanokiroku */,
				A00500000000000000000002 /* asanokirokuTests */,
				A00500000000000000000003 /* asanokirokuUITests */,
			);
		};
/* End PBXProject section */

/* Begin PBXResourcesBuildPhase section */
		A00400000000000000000003 /* Resources */ = {
			isa = PBXResourcesBuildPhase;
			buildActionMask = 2147483647;
			files = (
				A00300000000000000000006 /* Preview Assets.xcassets in Resources */,
				A00300000000000000000005 /* Assets.xcassets in Resources */,
			);
			runOnlyForDeploymentPostprocessing = 0;
		};
		A00400000000000000000006 /* Resources */ = {
			isa = PBXResourcesBuildPhase;
			buildActionMask = 2147483647;
			files = (
			);
			runOnlyForDeploymentPostprocessing = 0;
		};
		A00400000000000000000009 /* Resources */ = {
			isa = PBXResourcesBuildPhase;
			buildActionMask = 2147483647;
			files = (
			);
			runOnlyForDeploymentPostprocessing = 0;
		};
/* End PBXResourcesBuildPhase section */

/* Begin PBXSourcesBuildPhase section */
		A00400000000000000000001 /* Sources */ = {
			isa = PBXSourcesBuildPhase;
			buildActionMask = 2147483647;
			files = (
				A00300000000000000000002 /* ContentView.swift in Sources */,
				A00300000000000000000001 /* asanokirokuApp.swift in Sources */,
				A00300000000000000000003 /* Persistence.swift in Sources */,
				A00300000000000000000004 /* asanokiroku.xcdatamodeld in Sources */,
			);
			runOnlyForDeploymentPostprocessing = 0;
		};
		A00400000000000000000004 /* Sources */ = {
			isa = PBXSourcesBuildPhase;
			buildActionMask = 2147483647;
			files = (
				A00300000000000000000007 /* asanokirokuTests.swift in Sources */,
			);
			runOnlyForDeploymentPostprocessing = 0;
		};
		A00400000000000000000007 /* Sources */ = {
			isa = PBXSourcesBuildPhase;
			buildActionMask = 2147483647;
			files = (
				A00300000000000000000008 /* asanokirokuUITests.swift in Sources */,
				A00300000000000000000009 /* asanokirokuUITestsLaunchTests.swift in Sources */,
			);
			runOnlyForDeploymentPostprocessing = 0;
		};
/* End PBXSourcesBuildPhase section */

/* Begin PBXTargetDependency section */
		A00800000000000000000002 /* PBXTargetDependency */ = {
			isa = PBXTargetDependency;
			target = A00500000000000000000001 /* asanokiroku */;
			targetProxy = A00800000000000000000001 /* PBXContainerItemProxy */;
		};
		A00800000000000000000004 /* PBXTargetDependency */ = {
			isa = PBXTargetDependency;
			target = A00500000000000000000001 /* asanokiroku */;
			targetProxy = A00800000000000000000003 /* PBXContainerItemProxy */;
		};
/* End PBXTargetDependency section */

/* Begin XCBuildConfiguration section */
		A00600000000000000000001 /* Debug */ = {
			isa = XCBuildConfiguration;
			buildSettings = {
				ALWAYS_SEARCH_USER_PATHS = NO;
				ASSETCATALOG_COMPILER_GENERATE_SWIFT_ASSET_SYMBOL_EXTENSIONS = YES;
				CLANG_ANALYZER_NONNULL = YES;
				CLANG_ANALYZER_NUMBER_OBJECT_CONVERSION = YES_AGGRESSIVE;
				CLANG_CXX_LANGUAGE_STANDARD = "gnu++20";
				CLANG_ENABLE_MODULES = YES;
				CLANG_ENABLE_OBJC_ARC = YES;
				CLANG_ENABLE_OBJC_WEAK = YES;
				CLANG_WARN_BLOCK_CAPTURE_AUTORELEASING = YES;
				CLANG_WARN_BOOL_CONVERSION = YES;
				CLANG_WARN_COMMA = YES;
				CLANG_WARN_CONSTANT_CONVERSION = YES;
				CLANG_WARN_DEPRECATED_OBJC_IMPLEMENTATIONS = YES;
				CLANG_WARN_DIRECT_OBJC_ISA_USAGE = YES_ERROR;
				CLANG_WARN_DOCUMENTATION_COMMENTS = YES;
				CLANG_WARN_EMPTY_BODY = YES;
				CLANG_WARN_ENUM_CONVERSION = YES;
				CLANG_WARN_INFINITE_RECURSION = YES;
				CLANG_WARN_INT_CONVERSION = YES;
				CLANG_WARN_NON_LITERAL_NULL_CONVERSION = YES;
				CLANG_WARN_OBJC_IMPLICIT_RETAIN_SELF = YES;
				CLANG_WARN_OBJC_LITERAL_CONVERSION = YES;
				CLANG_WARN_OBJC_ROOT_CLASS = YES_ERROR;
				CLANG_WARN_QUOTED_INCLUDE_IN_FRAMEWORK_HEADER = YES;
				CLANG_WARN_RANGE_LOOP_ANALYSIS = YES;
				CLANG_WARN_STRICT_PROTOTYPES = YES;
				CLANG_WARN_SUSPICIOUS_MOVE = YES;
				CLANG_WARN_UNGUARDED_AVAILABILITY = YES_AGGRESSIVE;
				CLANG_WARN_UNREACHABLE_CODE = YES;
				CLANG_WARN__DUPLICATE_METHOD_MATCH = YES;
				COPY_PHASE_STRIP = NO;
				DEBUG_INFORMATION_FORMAT = dwarf;
				ENABLE_STRICT_OBJC_MSGSEND = YES;
				ENABLE_TESTABILITY = YES;
				ENABLE_USER_SCRIPT_SANDBOXING = YES;
				GCC_C_LANGUAGE_STANDARD = gnu17;
				GCC_DYNAMIC_NO_PIC = NO;
				GCC_NO_COMMON_BLOCKS = YES;
				GCC_OPTIMIZATION_LEVEL = 0;
				GCC_PREPROCESSOR_DEFINITIONS = (
					"DEBUG=1",
					"$(inherited)",
				);
				GCC_WARN_64_TO_32_BIT_CONVERSION = YES;
				GCC_WARN_ABOUT_RETURN_TYPE = YES_ERROR;
				GCC_WARN_UNDECLARED_SELECTOR = YES;
				GCC_WARN_UNINITIALIZED_AUTOS = YES_AGGRESSIVE;
				GCC_WARN_UNUSED_FUNCTION = YES;
				GCC_WARN_UNUSED_VARIABLE = YES;
				IPHONEOS_DEPLOYMENT_TARGET = 17.0;
				LOCALIZATION_PREFERS_STRING_CATALOGS = YES;
				MTL_ENABLE_DEBUG_INFO = INCLUDE_SOURCE;
				MTL_FAST_MATH = YES;
				ONLY_ACTIVE_ARCH = YES;
				SDKROOT = iphoneos;
				SWIFT_ACTIVE_COMPILATION_CONDITIONS = "DEBUG $(inherited)";
				SWIFT_OPTIMIZATION_LEVEL = "-Onone";
			};
			name = Debug;
		};
		A00600000000000000000002 /* Release */ = {
			isa = XCBuildConfiguration;
			buildSettings = {
				ALWAYS_SEARCH_USER_PATHS = NO;
				ASSETCATALOG_COMPILER_GENERATE_SWIFT_ASSET_SYMBOL_EXTENSIONS = YES;
				CLANG_ANALYZER_NONNULL = YES;
				CLANG_ANALYZER_NUMBER_OBJECT_CONVERSION = YES_AGGRESSIVE;
				CLANG_CXX_LANGUAGE_STANDARD = "gnu++20";
				CLANG_ENABLE_MODULES = YES;
				CLANG_ENABLE_OBJC_ARC = YES;
				CLANG_ENABLE_OBJC_WEAK = YES;
				CLANG_WARN_BLOCK_CAPTURE_AUTORELEASING = YES;
				CLANG_WARN_BOOL_CONVERSION = YES;
				CLANG_WARN_COMMA = YES;
				CLANG_WARN_CONSTANT_CONVERSION = YES;
				CLANG_WARN_DEPRECATED_OBJC_IMPLEMENTATIONS = YES;
				CLANG_WARN_DIRECT_OBJC_ISA_USAGE = YES_ERROR;
				CLANG_WARN_DOCUMENTATION_COMMENTS = YES;
				CLANG_WARN_EMPTY_BODY = YES;
				CLANG_WARN_ENUM_CONVERSION = YES;
				CLANG_WARN_INFINITE_RECURSION = YES;
				CLANG_WARN_INT_CONVERSION = YES;
				CLANG_WARN_NON_LITERAL_NULL_CONVERSION = YES;
				CLANG_WARN_OBJC_IMPLICIT_RETAIN_SELF = YES;
				CLANG_WARN_OBJC_LITERAL_CONVERSION = YES;
				CLANG_WARN_OBJC_ROOT_CLASS = YES_ERROR;
				CLANG_WARN_QUOTED_INCLUDE_IN_FRAMEWORK_HEADER = YES;
				CLANG_WARN_RANGE_LOOP_ANALYSIS = YES;
				CLANG_WARN_STRICT_PROTOTYPES = YES;
				CLANG_WARN_SUSPICIOUS_MOVE = YES;
				CLANG_WARN_UNGUARDED_AVAILABILITY = YES_AGGRESSIVE;
				CLANG_WARN_UNREACHABLE_CODE = YES;
				CLANG_WARN__DUPLICATE_METHOD_MATCH = YES;
				COPY_PHASE_STRIP = NO;
				DEBUG_INFORMATION_FORMAT = "dwarf-with-dsym";
				ENABLE_NS_ASSERTIONS = NO;
				ENABLE_STRICT_OBJC_MSGSEND = YES;
				ENABLE_USER_SCRIPT_SANDBOXING = YES;
				GCC_C_LANGUAGE_STANDARD = gnu17;
				GCC_NO_COMMON_BLOCKS = YES;
				GCC_WARN_64_TO_32_BIT_CONVERSION = YES;
				GCC_WARN_ABOUT_RETURN_TYPE = YES_ERROR;
				GCC_WARN_UNDECLARED_SELECTOR = YES;
				GCC_WARN_UNINITIALIZED_AUTOS = YES_AGGRESSIVE;
				GCC_WARN_UNUSED_FUNCTION = YES;
				GCC_WARN_UNUSED_VARIABLE = YES;
				IPHONEOS_DEPLOYMENT_TARGET = 17.0;
				LOCALIZATION_PREFERS_STRING_CATALOGS = YES;
				MTL_ENABLE_DEBUG_INFO = NO;
				MTL_FAST_MATH = YES;
				SDKROOT = iphoneos;
				SWIFT_COMPILATION_MODE = wholemodule;
				VALIDATE_PRODUCT = YES;
			};
			name = Release;
		};
		A00600000000000000000003 /* Debug */ = {
			isa = XCBuildConfiguration;
			buildSettings = {
				ASSETCATALOG_COMPILER_APPICON_NAME = AppIcon;
				ASSETCATALOG_COMPILER_GLOBAL_ACCENT_COLOR_NAME = AccentColor;
				CODE_SIGN_ENTITLEMENTS = asanokiroku/asanokiroku.entitlements;
				CODE_SIGN_STYLE = Automatic;
				CURRENT_PROJECT_VERSION = 1;
				DEVELOPMENT_ASSET_PATHS = "\"asanokiroku/Preview Content\"";
				ENABLE_PREVIEWS = YES;
				GENERATE_INFOPLIST_FILE = NO;
				INFOPLIST_FILE = asanokiroku/Info.plist;
				INFOPLIST_KEY_CFBundleDisplayName = "あさのきろく";
				INFOPLIST_KEY_UIApplicationSupportsIndirectInputEvents = YES;
				INFOPLIST_KEY_UILaunchScreen_Generation = YES;
				INFOPLIST_KEY_UISupportedInterfaceOrientations_iPad = "UIInterfaceOrientationPortrait UIInterfaceOrientationPortraitUpsideDown UIInterfaceOrientationLandscapeLeft UIInterfaceOrientationLandscapeRight";
				INFOPLIST_KEY_UISupportedInterfaceOrientations_iPhone = "UIInterfaceOrientationPortrait UIInterfaceOrientationLandscapeLeft UIInterfaceOrientationLandscapeRight";
				LD_RUNPATH_SEARCH_PATHS = (
					"$(inherited)",
					"@executable_path/Frameworks",
				);
				MARKETING_VERSION = 0.1.0;
				PRODUCT_BUNDLE_IDENTIFIER = jp.asanokiroku.app;
				PRODUCT_NAME = "$(TARGET_NAME)";
				SWIFT_EMIT_LOC_STRINGS = YES;
				SWIFT_VERSION = 5.0;
				TARGETED_DEVICE_FAMILY = "1,2";
			};
			name = Debug;
		};
		A00600000000000000000004 /* Release */ = {
			isa = XCBuildConfiguration;
			buildSettings = {
				ASSETCATALOG_COMPILER_APPICON_NAME = AppIcon;
				ASSETCATALOG_COMPILER_GLOBAL_ACCENT_COLOR_NAME = AccentColor;
				CODE_SIGN_ENTITLEMENTS = asanokiroku/asanokiroku.entitlements;
				CODE_SIGN_STYLE = Automatic;
				CURRENT_PROJECT_VERSION = 1;
				DEVELOPMENT_ASSET_PATHS = "\"asanokiroku/Preview Content\"";
				ENABLE_PREVIEWS = YES;
				GENERATE_INFOPLIST_FILE = NO;
				INFOPLIST_FILE = asanokiroku/Info.plist;
				INFOPLIST_KEY_CFBundleDisplayName = "あさのきろく";
				INFOPLIST_KEY_UIApplicationSupportsIndirectInputEvents = YES;
				INFOPLIST_KEY_UILaunchScreen_Generation = YES;
				INFOPLIST_KEY_UISupportedInterfaceOrientations_iPad = "UIInterfaceOrientationPortrait UIInterfaceOrientationPortraitUpsideDown UIInterfaceOrientationLandscapeLeft UIInterfaceOrientationLandscapeRight";
				INFOPLIST_KEY_UISupportedInterfaceOrientations_iPhone = "UIInterfaceOrientationPortrait UIInterfaceOrientationLandscapeLeft UIInterfaceOrientationLandscapeRight";
				LD_RUNPATH_SEARCH_PATHS = (
					"$(inherited)",
					"@executable_path/Frameworks",
				);
				MARKETING_VERSION = 0.1.0;
				PRODUCT_BUNDLE_IDENTIFIER = jp.asanokiroku.app;
				PRODUCT_NAME = "$(TARGET_NAME)";
				SWIFT_EMIT_LOC_STRINGS = YES;
				SWIFT_VERSION = 5.0;
				TARGETED_DEVICE_FAMILY = "1,2";
			};
			name = Release;
		};
		A00600000000000000000005 /* Debug */ = {
			isa = XCBuildConfiguration;
			buildSettings = {
				ALWAYS_EMBED_SWIFT_STANDARD_LIBRARIES = YES;
				BUNDLE_LOADER = "$(TEST_HOST)";
				CODE_SIGN_STYLE = Automatic;
				CURRENT_PROJECT_VERSION = 1;
				GENERATE_INFOPLIST_FILE = YES;
				IPHONEOS_DEPLOYMENT_TARGET = 17.0;
				MARKETING_VERSION = 1.0;
				PRODUCT_BUNDLE_IDENTIFIER = jp.asanokiroku.app.asanokirokuTests;
				PRODUCT_NAME = "$(TARGET_NAME)";
				SWIFT_EMIT_LOC_STRINGS = NO;
				SWIFT_VERSION = 5.0;
				TARGETED_DEVICE_FAMILY = "1,2";
				TEST_HOST = "$(BUILT_PRODUCTS_DIR)/asanokiroku.app/$(BUNDLE_EXECUTABLE_FOLDER_PATH)/asanokiroku";
			};
			name = Debug;
		};
		A00600000000000000000006 /* Release */ = {
			isa = XCBuildConfiguration;
			buildSettings = {
				ALWAYS_EMBED_SWIFT_STANDARD_LIBRARIES = YES;
				BUNDLE_LOADER = "$(TEST_HOST)";
				CODE_SIGN_STYLE = Automatic;
				CURRENT_PROJECT_VERSION = 1;
				GENERATE_INFOPLIST_FILE = YES;
				IPHONEOS_DEPLOYMENT_TARGET = 17.0;
				MARKETING_VERSION = 1.0;
				PRODUCT_BUNDLE_IDENTIFIER = jp.asanokiroku.app.asanokirokuTests;
				PRODUCT_NAME = "$(TARGET_NAME)";
				SWIFT_EMIT_LOC_STRINGS = NO;
				SWIFT_VERSION = 5.0;
				TARGETED_DEVICE_FAMILY = "1,2";
				TEST_HOST = "$(BUILT_PRODUCTS_DIR)/asanokiroku.app/$(BUNDLE_EXECUTABLE_FOLDER_PATH)/asanokiroku";
			};
			name = Release;
		};
		A00600000000000000000007 /* Debug */ = {
			isa = XCBuildConfiguration;
			buildSettings = {
				ALWAYS_EMBED_SWIFT_STANDARD_LIBRARIES = YES;
				CODE_SIGN_STYLE = Automatic;
				CURRENT_PROJECT_VERSION = 1;
				GENERATE_INFOPLIST_FILE = YES;
				IPHONEOS_DEPLOYMENT_TARGET = 17.0;
				MARKETING_VERSION = 1.0;
				PRODUCT_BUNDLE_IDENTIFIER = jp.asanokiroku.app.asanokirokuUITests;
				PRODUCT_NAME = "$(TARGET_NAME)";
				SWIFT_EMIT_LOC_STRINGS = NO;
				SWIFT_VERSION = 5.0;
				TARGETED_DEVICE_FAMILY = "1,2";
				TEST_TARGET_NAME = asanokiroku;
			};
			name = Debug;
		};
		A00600000000000000000008 /* Release */ = {
			isa = XCBuildConfiguration;
			buildSettings = {
				ALWAYS_EMBED_SWIFT_STANDARD_LIBRARIES = YES;
				CODE_SIGN_STYLE = Automatic;
				CURRENT_PROJECT_VERSION = 1;
				GENERATE_INFOPLIST_FILE = YES;
				IPHONEOS_DEPLOYMENT_TARGET = 17.0;
				MARKETING_VERSION = 1.0;
				PRODUCT_BUNDLE_IDENTIFIER = jp.asanokiroku.app.asanokirokuUITests;
				PRODUCT_NAME = "$(TARGET_NAME)";
				SWIFT_EMIT_LOC_STRINGS = NO;
				SWIFT_VERSION = 5.0;
				TARGETED_DEVICE_FAMILY = "1,2";
				TEST_TARGET_NAME = asanokiroku;
			};
			name = Release;
		};
/* End XCBuildConfiguration section */

/* Begin XCConfigurationList section */
		A00700000000000000000001 /* Build configuration list for PBXProject "asanokiroku" */ = {
			isa = XCConfigurationList;
			buildConfigurations = (
				A00600000000000000000001 /* Debug */,
				A00600000000000000000002 /* Release */,
			);
			defaultConfigurationIsVisible = 0;
			defaultConfigurationName = Release;
		};
		A00700000000000000000002 /* Build configuration list for PBXNativeTarget "asanokiroku" */ = {
			isa = XCConfigurationList;
			buildConfigurations = (
				A00600000000000000000003 /* Debug */,
				A00600000000000000000004 /* Release */,
			);
			defaultConfigurationIsVisible = 0;
			defaultConfigurationName = Release;
		};
		A00700000000000000000003 /* Build configuration list for PBXNativeTarget "asanokirokuTests" */ = {
			isa = XCConfigurationList;
			buildConfigurations = (
				A00600000000000000000005 /* Debug */,
				A00600000000000000000006 /* Release */,
			);
			defaultConfigurationIsVisible = 0;
			defaultConfigurationName = Release;
		};
		A00700000000000000000004 /* Build configuration list for PBXNativeTarget "asanokirokuUITests" */ = {
			isa = XCConfigurationList;
			buildConfigurations = (
				A00600000000000000000007 /* Debug */,
				A00600000000000000000008 /* Release */,
			);
			defaultConfigurationIsVisible = 0;
			defaultConfigurationName = Release;
		};
/* End XCConfigurationList section */

/* Begin XCVersionGroup section */
		A00200000000000000000004 /* asanokiroku.xcdatamodeld */ = {
			isa = XCVersionGroup;
			children = (
				A0020000000000000000000F /* asanokiroku.xcdatamodel */,
			);
			currentVersion = A0020000000000000000000F /* asanokiroku.xcdatamodel */;
			path = asanokiroku.xcdatamodeld;
			sourceTree = "<group>";
			versionGroupType = wrapper.xcdatamodel;
		};
/* End XCVersionGroup section */
	};
	rootObject = A00000000000000000000001 /* Project object */;
}
